// !$*UTF8*$!
{
	archiveVersion = 1;
	classes = {
	};
	objectVersion = 56;
	objects = {

/* Begin PBXBuildFile section */
		120958202C33ADF6001D7133 /* SwappedApp.swift in Sources */ = {isa = PBXBuildFile; fileRef = 1209581F2C33ADF6001D7133 /* SwappedApp.swift */; };
		120958222C33ADF6001D7133 /* ContentView.swift in Sources */ = {isa = PBXBuildFile; fileRef = 120958212C33ADF6001D7133 /* ContentView.swift */; };
		120958242C33ADF8001D7133 /* Assets.xcassets in Resources */ = {isa = PBXBuildFile; fileRef = 120958232C33ADF8001D7133 /* Assets.xcassets */; };
		120958272C33ADF8001D7133 /* Preview Assets.xcassets in Resources */ = {isa = PBXBuildFile; fileRef = 120958262C33ADF8001D7133 /* Preview Assets.xcassets */; };
		120958312C33ADF9001D7133 /* SwappedTests.swift in Sources */ = {isa = PBXBuildFile; fileRef = 120958302C33ADF9001D7133 /* SwappedTests.swift */; };
		1209583B2C33ADF9001D7133 /* SwappedUITests.swift in Sources */ = {isa = PBXBuildFile; fileRef = 1209583A2C33ADF9001D7133 /* SwappedUITests.swift */; };
		1209583D2C33ADF9001D7133 /* SwappedUITestsLaunchTests.swift in Sources */ = {isa = PBXBuildFile; fileRef = 1209583C2C33ADF9001D7133 /* SwappedUITestsLaunchTests.swift */; };
		1209584F2C33AF64001D7133 /* AuthManager.swift in Sources */ = {isa = PBXBuildFile; fileRef = 1209584E2C33AF64001D7133 /* AuthManager.swift */; };
		120958522C33AFF6001D7133 /* FirebaseAnalytics in Frameworks */ = {isa = PBXBuildFile; productRef = 120958512C33AFF6001D7133 /* FirebaseAnalytics */; };
		120958542C33AFF6001D7133 /* FirebaseAnalyticsSwift in Frameworks */ = {isa = PBXBuildFile; productRef = 120958532C33AFF6001D7133 /* FirebaseAnalyticsSwift */; };
		120958562C33AFF6001D7133 /* FirebaseAuth in Frameworks */ = {isa = PBXBuildFile; productRef = 120958552C33AFF6001D7133 /* FirebaseAuth */; };
		120958582C33AFF6001D7133 /* FirebaseFirestore in Frameworks */ = {isa = PBXBuildFile; productRef = 120958572C33AFF6001D7133 /* FirebaseFirestore */; };
		1209585F2C33B19B001D7133 /* MainView.swift in Sources */ = {isa = PBXBuildFile; fileRef = 1209585E2C33B19B001D7133 /* MainView.swift */; };
		120958612C33B1C9001D7133 /* HomeScreenView.swift in Sources */ = {isa = PBXBuildFile; fileRef = 120958602C33B1C9001D7133 /* HomeScreenView.swift */; };
		120958632C33B226001D7133 /* AccountView.swift in Sources */ = {isa = PBXBuildFile; fileRef = 120958622C33B226001D7133 /* AccountView.swift */; };
		120958652C33B264001D7133 /* SwappedItemsView.swift in Sources */ = {isa = PBXBuildFile; fileRef = 120958642C33B264001D7133 /* SwappedItemsView.swift */; };
		120958682C33B2BB001D7133 /* FirebaseDatabase in Frameworks */ = {isa = PBXBuildFile; productRef = 120958672C33B2BB001D7133 /* FirebaseDatabase */; };
		1209586A2C33B2ED001D7133 /* SearchScreenView.swift in Sources */ = {isa = PBXBuildFile; fileRef = 120958692C33B2ED001D7133 /* SearchScreenView.swift */; };
		1209586C2C33B3CF001D7133 /* SignInView.swift in Sources */ = {isa = PBXBuildFile; fileRef = 1209586B2C33B3CF001D7133 /* SignInView.swift */; };
		1209586E2C33B412001D7133 /* CreateProfileView.swift in Sources */ = {isa = PBXBuildFile; fileRef = 1209586D2C33B412001D7133 /* CreateProfileView.swift */; };
		120958702C33B9DA001D7133 /* UserAccountModel.swift in Sources */ = {isa = PBXBuildFile; fileRef = 1209586F2C33B9DA001D7133 /* UserAccountModel.swift */; };
		120958722C33BA14001D7133 /* ImagePicker.swift in Sources */ = {isa = PBXBuildFile; fileRef = 120958712C33BA14001D7133 /* ImagePicker.swift */; };
		120958742C33BE2E001D7133 /* ItemManager.swift in Sources */ = {isa = PBXBuildFile; fileRef = 120958732C33BE2E001D7133 /* ItemManager.swift */; };
		120958762C33BEB6001D7133 /* FirebaseFirestoreSwift in Frameworks */ = {isa = PBXBuildFile; productRef = 120958752C33BEB6001D7133 /* FirebaseFirestoreSwift */; };
		120958782C34247F001D7133 /* FirebaseStorage in Frameworks */ = {isa = PBXBuildFile; productRef = 120958772C34247F001D7133 /* FirebaseStorage */; };
		1209587A2C344B70001D7133 /* AddItem.swift in Sources */ = {isa = PBXBuildFile; fileRef = 120958792C344B70001D7133 /* AddItem.swift */; };
		1209587C2C34638E001D7133 /* ItemView.swift in Sources */ = {isa = PBXBuildFile; fileRef = 1209587B2C34638E001D7133 /* ItemView.swift */; };
		1209B1332C3B3225006A7F79 /* BottomBarNavigator.swift in Sources */ = {isa = PBXBuildFile; fileRef = 1209B1322C3B3225006A7F79 /* BottomBarNavigator.swift */; };
		120BBE372CAE062100900B16 /* GoogleService-Info.plist in Resources */ = {isa = PBXBuildFile; fileRef = 12F65C582CA06B7D00B66356 /* GoogleService-Info.plist */; };
		1223D1BD2CBB5FFB00C72C18 /* NetworkMonitor.swift in Sources */ = {isa = PBXBuildFile; fileRef = 1223D1BC2CBB5FFB00C72C18 /* NetworkMonitor.swift */; };
		122519362C3F891C008DC9E7 /* SwapLettersEffect.swift in Sources */ = {isa = PBXBuildFile; fileRef = 122519352C3F891C008DC9E7 /* SwapLettersEffect.swift */; };
		122519382C3F8ACB008DC9E7 /* TossLettersEffect.swift in Sources */ = {isa = PBXBuildFile; fileRef = 122519372C3F8ACB008DC9E7 /* TossLettersEffect.swift */; };
		122F9BE82CBE2DA600E23385 /* GooglePlaces in Frameworks */ = {isa = PBXBuildFile; productRef = 122F9BE72CBE2DA600E23385 /* GooglePlaces */; };
		123FFFD22C94D4D200C7507B /* FacebookCore in Frameworks */ = {isa = PBXBuildFile; productRef = 123FFFD12C94D4D200C7507B /* FacebookCore */; };
		123FFFD42C94D4D200C7507B /* FacebookLogin in Frameworks */ = {isa = PBXBuildFile; productRef = 123FFFD32C94D4D200C7507B /* FacebookLogin */; };
		123FFFD92C94E43100C7507B /* GoogleSignIn in Frameworks */ = {isa = PBXBuildFile; productRef = 123FFFD82C94E43100C7507B /* GoogleSignIn */; };
		123FFFDB2C94E43100C7507B /* GoogleSignInSwift in Frameworks */ = {isa = PBXBuildFile; productRef = 123FFFDA2C94E43100C7507B /* GoogleSignInSwift */; };
		12854DA72C3C754200C34C92 /* itemRowView.swift in Sources */ = {isa = PBXBuildFile; fileRef = 12854DA62C3C754200C34C92 /* itemRowView.swift */; };
		12854DAA2C3C763A00C34C92 /* SDWebImageSwiftUI in Frameworks */ = {isa = PBXBuildFile; productRef = 12854DA92C3C763A00C34C92 /* SDWebImageSwiftUI */; };
		128EBE1F2C366979002F9C0D /* SwapCart.swift in Sources */ = {isa = PBXBuildFile; fileRef = 128EBE1E2C366979002F9C0D /* SwapCart.swift */; };
		128EBE212C366C43002F9C0D /* SwapCartView.swift in Sources */ = {isa = PBXBuildFile; fileRef = 128EBE202C366C43002F9C0D /* SwapCartView.swift */; };
		128EBE232C37255C002F9C0D /* SwappedView.swift in Sources */ = {isa = PBXBuildFile; fileRef = 128EBE222C37255B002F9C0D /* SwappedView.swift */; };
		128EBE252C373483002F9C0D /* CurrentUserItemsView.swift in Sources */ = {isa = PBXBuildFile; fileRef = 128EBE242C373483002F9C0D /* CurrentUserItemsView.swift */; };
		128EBE272C3734AB002F9C0D /* MessagingScreenView.swift in Sources */ = {isa = PBXBuildFile; fileRef = 128EBE262C3734AB002F9C0D /* MessagingScreenView.swift */; };
		128EBE292C37C7AE002F9C0D /* ItemCategoryView.swift in Sources */ = {isa = PBXBuildFile; fileRef = 128EBE282C37C7AD002F9C0D /* ItemCategoryView.swift */; };
		128EBE2B2C37CA29002F9C0D /* CategoryManager.swift in Sources */ = {isa = PBXBuildFile; fileRef = 128EBE2A2C37CA29002F9C0D /* CategoryManager.swift */; };
		1297914D2CD2585C00110B68 /* EditInterestsSkillsGoalsView.swift in Sources */ = {isa = PBXBuildFile; fileRef = 1297914C2CD2585C00110B68 /* EditInterestsSkillsGoalsView.swift */; };
		129D6CC02C40134C00F4582E /* NewMessageFormView.swift in Sources */ = {isa = PBXBuildFile; fileRef = 129D6CBF2C40134C00F4582E /* NewMessageFormView.swift */; };
		129D6CC22C43206D00F4582E /* SuccessfulSwapView.swift in Sources */ = {isa = PBXBuildFile; fileRef = 129D6CC12C43206D00F4582E /* SuccessfulSwapView.swift */; };
		129D6CC42C43351D00F4582E /* EditItemView.swift in Sources */ = {isa = PBXBuildFile; fileRef = 129D6CC32C43351D00F4582E /* EditItemView.swift */; };
		129D6CC62C448CFB00F4582E /* LocationManager.swift in Sources */ = {isa = PBXBuildFile; fileRef = 129D6CC52C448CFB00F4582E /* LocationManager.swift */; };
		129D6CCA2C48183A00F4582E /* UserProfileView.swift in Sources */ = {isa = PBXBuildFile; fileRef = 129D6CC92C48183A00F4582E /* UserProfileView.swift */; };
		129D6CD02C48260600F4582E /* MotionManager.swift in Sources */ = {isa = PBXBuildFile; fileRef = 129D6CCF2C48260600F4582E /* MotionManager.swift */; };
		129D6CD22C488D4400F4582E /* SubmitReviewView.swift in Sources */ = {isa = PBXBuildFile; fileRef = 129D6CD12C488D4400F4582E /* SubmitReviewView.swift */; };
		129D6CD42C48978000F4582E /* StandardItemView.swift in Sources */ = {isa = PBXBuildFile; fileRef = 129D6CD32C48978000F4582E /* StandardItemView.swift */; };
		12A7A40D2C4F2AEC00F41BDD /* NotificationsScreen.swift in Sources */ = {isa = PBXBuildFile; fileRef = 12A7A40C2C4F2AEC00F41BDD /* NotificationsScreen.swift */; };
		12A7A40F2C4F2B0500F41BDD /* NotificationsManager.swift in Sources */ = {isa = PBXBuildFile; fileRef = 12A7A40E2C4F2B0500F41BDD /* NotificationsManager.swift */; };
		12A84EAE2C93BF7000799D56 /* KeyboardToolbar.swift in Sources */ = {isa = PBXBuildFile; fileRef = 12A84EAD2C93BF6F00799D56 /* KeyboardToolbar.swift */; };
		12AA76B02C357596007B032E /* ScrambleEffect.swift in Sources */ = {isa = PBXBuildFile; fileRef = 12AA76AF2C357596007B032E /* ScrambleEffect.swift */; };
		12BD36852C40005600F6A09A /* NewMessageView.swift in Sources */ = {isa = PBXBuildFile; fileRef = 12BD36842C40005600F6A09A /* NewMessageView.swift */; };
		12BD36872C40035B00F6A09A /* MessageManager.swift in Sources */ = {isa = PBXBuildFile; fileRef = 12BD36862C40035B00F6A09A /* MessageManager.swift */; };
		12C3B51E2C4B33490051F610 /* AddItemDetails.swift in Sources */ = {isa = PBXBuildFile; fileRef = 12C3B51D2C4B33490051F610 /* AddItemDetails.swift */; };
		12C3B5202C4B39470051F610 /* AddItemViewModel.swift in Sources */ = {isa = PBXBuildFile; fileRef = 12C3B51F2C4B39470051F610 /* AddItemViewModel.swift */; };
		12DC5CF32CA51FEC00762F37 /* InterestsGoalsView.swift in Sources */ = {isa = PBXBuildFile; fileRef = 12DC5CF22CA51FEC00762F37 /* InterestsGoalsView.swift */; };
		12F65C5B2CA0719C00B66356 /* FirebaseMessaging in Frameworks */ = {isa = PBXBuildFile; productRef = 12F65C5A2CA0719C00B66356 /* FirebaseMessaging */; };
		12F65C5D2CA071DF00B66356 /* SignInWithPhoneNumber.swift in Sources */ = {isa = PBXBuildFile; fileRef = 12F65C5C2CA071DF00B66356 /* SignInWithPhoneNumber.swift */; };
		12F65C5F2CA2156800B66356 /* GoogleSignInButton.swift in Sources */ = {isa = PBXBuildFile; fileRef = 12F65C5E2CA2156800B66356 /* GoogleSignInButton.swift */; };
		12FF7E232CC86FD4000AFB5B /* FetchAutoCompleteModel.swift in Sources */ = {isa = PBXBuildFile; fileRef = 12FF7E222CC86FCB000AFB5B /* FetchAutoCompleteModel.swift */; };
		12FF7E272CC88266000AFB5B /* Config.xcconfig in Resources */ = {isa = PBXBuildFile; fileRef = 12FF7E262CC88258000AFB5B /* Config.xcconfig */; };
		12FF7E292CC898F7000AFB5B /* InterestsGoalsManager.swift in Sources */ = {isa = PBXBuildFile; fileRef = 12FF7E282CC898EF000AFB5B /* InterestsGoalsManager.swift */; };
/* End PBXBuildFile section */

/* Begin PBXContainerItemProxy section */
		1209582D2C33ADF9001D7133 /* PBXContainerItemProxy */ = {
			isa = PBXContainerItemProxy;
			containerPortal = 120958142C33ADF6001D7133 /* Project object */;
			proxyType = 1;
			remoteGlobalIDString = 1209581B2C33ADF6001D7133;
			remoteInfo = Swapped;
		};
		120958372C33ADF9001D7133 /* PBXContainerItemProxy */ = {
			isa = PBXContainerItemProxy;
			containerPortal = 120958142C33ADF6001D7133 /* Project object */;
			proxyType = 1;
			remoteGlobalIDString = 1209581B2C33ADF6001D7133;
			remoteInfo = Swapped;
		};
/* End PBXContainerItemProxy section */

/* Begin PBXFileReference section */
		1209581C2C33ADF6001D7133 /* Just Swap.app */ = {isa = PBXFileReference; explicitFileType = wrapper.application; includeInIndex = 0; path = "Just Swap.app"; sourceTree = BUILT_PRODUCTS_DIR; };
		1209581F2C33ADF6001D7133 /* SwappedApp.swift */ = {isa = PBXFileReference; lastKnownFileType = sourcecode.swift; path = SwappedApp.swift; sourceTree = "<group>"; };
		120958212C33ADF6001D7133 /* ContentView.swift */ = {isa = PBXFileReference; lastKnownFileType = sourcecode.swift; path = ContentView.swift; sourceTree = "<group>"; };
		120958232C33ADF8001D7133 /* Assets.xcassets */ = {isa = PBXFileReference; lastKnownFileType = folder.assetcatalog; path = Assets.xcassets; sourceTree = "<group>"; };
		120958262C33ADF8001D7133 /* Preview Assets.xcassets */ = {isa = PBXFileReference; lastKnownFileType = folder.assetcatalog; path = "Preview Assets.xcassets"; sourceTree = "<group>"; };
		1209582C2C33ADF9001D7133 /* Just SwapTests.xctest */ = {isa = PBXFileReference; explicitFileType = wrapper.cfbundle; includeInIndex = 0; path = "Just SwapTests.xctest"; sourceTree = BUILT_PRODUCTS_DIR; };
		120958302C33ADF9001D7133 /* SwappedTests.swift */ = {isa = PBXFileReference; lastKnownFileType = sourcecode.swift; path = SwappedTests.swift; sourceTree = "<group>"; };
		120958362C33ADF9001D7133 /* Just SwapUITests.xctest */ = {isa = PBXFileReference; explicitFileType = wrapper.cfbundle; includeInIndex = 0; path = "Just SwapUITests.xctest"; sourceTree = BUILT_PRODUCTS_DIR; };
		1209583A2C33ADF9001D7133 /* SwappedUITests.swift */ = {isa = PBXFileReference; lastKnownFileType = sourcecode.swift; path = SwappedUITests.swift; sourceTree = "<group>"; };
		1209583C2C33ADF9001D7133 /* SwappedUITestsLaunchTests.swift */ = {isa = PBXFileReference; lastKnownFileType = sourcecode.swift; path = SwappedUITestsLaunchTests.swift; sourceTree = "<group>"; };
		1209584E2C33AF64001D7133 /* AuthManager.swift */ = {isa = PBXFileReference; lastKnownFileType = sourcecode.swift; path = AuthManager.swift; sourceTree = "<group>"; };
		1209585E2C33B19B001D7133 /* MainView.swift */ = {isa = PBXFileReference; lastKnownFileType = sourcecode.swift; path = MainView.swift; sourceTree = "<group>"; };
		120958602C33B1C9001D7133 /* HomeScreenView.swift */ = {isa = PBXFileReference; lastKnownFileType = sourcecode.swift; name = HomeScreenView.swift; path = Swapped/HomeScreenView.swift; sourceTree = SOURCE_ROOT; };
		120958622C33B226001D7133 /* AccountView.swift */ = {isa = PBXFileReference; lastKnownFileType = sourcecode.swift; path = AccountView.swift; sourceTree = "<group>"; };
		120958642C33B264001D7133 /* SwappedItemsView.swift */ = {isa = PBXFileReference; lastKnownFileType = sourcecode.swift; path = SwappedItemsView.swift; sourceTree = "<group>"; };
		120958692C33B2ED001D7133 /* SearchScreenView.swift */ = {isa = PBXFileReference; lastKnownFileType = sourcecode.swift; path = SearchScreenView.swift; sourceTree = "<group>"; };
		1209586B2C33B3CF001D7133 /* SignInView.swift */ = {isa = PBXFileReference; lastKnownFileType = sourcecode.swift; path = SignInView.swift; sourceTree = "<group>"; };
		1209586D2C33B412001D7133 /* CreateProfileView.swift */ = {isa = PBXFileReference; lastKnownFileType = sourcecode.swift; path = CreateProfileView.swift; sourceTree = "<group>"; };
		1209586F2C33B9DA001D7133 /* UserAccountModel.swift */ = {isa = PBXFileReference; lastKnownFileType = sourcecode.swift; path = UserAccountModel.swift; sourceTree = "<group>"; };
		120958712C33BA14001D7133 /* ImagePicker.swift */ = {isa = PBXFileReference; lastKnownFileType = sourcecode.swift; path = ImagePicker.swift; sourceTree = "<group>"; };
		120958732C33BE2E001D7133 /* ItemManager.swift */ = {isa = PBXFileReference; lastKnownFileType = sourcecode.swift; path = ItemManager.swift; sourceTree = "<group>"; };
		120958792C344B70001D7133 /* AddItem.swift */ = {isa = PBXFileReference; lastKnownFileType = sourcecode.swift; path = AddItem.swift; sourceTree = "<group>"; };
		1209587B2C34638E001D7133 /* ItemView.swift */ = {isa = PBXFileReference; lastKnownFileType = sourcecode.swift; path = ItemView.swift; sourceTree = "<group>"; };
		1209B1322C3B3225006A7F79 /* BottomBarNavigator.swift */ = {isa = PBXFileReference; lastKnownFileType = sourcecode.swift; path = BottomBarNavigator.swift; sourceTree = "<group>"; };
		1223D1BC2CBB5FFB00C72C18 /* NetworkMonitor.swift */ = {isa = PBXFileReference; lastKnownFileType = sourcecode.swift; path = NetworkMonitor.swift; sourceTree = "<group>"; };
		122519352C3F891C008DC9E7 /* SwapLettersEffect.swift */ = {isa = PBXFileReference; lastKnownFileType = sourcecode.swift; path = SwapLettersEffect.swift; sourceTree = "<group>"; };
		122519372C3F8ACB008DC9E7 /* TossLettersEffect.swift */ = {isa = PBXFileReference; lastKnownFileType = sourcecode.swift; path = TossLettersEffect.swift; sourceTree = "<group>"; };
		123FFFD62C94E13700C7507B /* Swapped.entitlements */ = {isa = PBXFileReference; lastKnownFileType = text.plist.entitlements; path = Swapped.entitlements; sourceTree = "<group>"; };
		12854DA62C3C754200C34C92 /* itemRowView.swift */ = {isa = PBXFileReference; lastKnownFileType = sourcecode.swift; path = itemRowView.swift; sourceTree = "<group>"; };
		128EBE1E2C366979002F9C0D /* SwapCart.swift */ = {isa = PBXFileReference; lastKnownFileType = sourcecode.swift; path = SwapCart.swift; sourceTree = "<group>"; };
		128EBE202C366C43002F9C0D /* SwapCartView.swift */ = {isa = PBXFileReference; lastKnownFileType = sourcecode.swift; path = SwapCartView.swift; sourceTree = "<group>"; };
		128EBE222C37255B002F9C0D /* SwappedView.swift */ = {isa = PBXFileReference; lastKnownFileType = sourcecode.swift; path = SwappedView.swift; sourceTree = "<group>"; };
		128EBE242C373483002F9C0D /* CurrentUserItemsView.swift */ = {isa = PBXFileReference; lastKnownFileType = sourcecode.swift; path = CurrentUserItemsView.swift; sourceTree = "<group>"; };
		128EBE262C3734AB002F9C0D /* MessagingScreenView.swift */ = {isa = PBXFileReference; lastKnownFileType = sourcecode.swift; path = MessagingScreenView.swift; sourceTree = "<group>"; };
		128EBE282C37C7AD002F9C0D /* ItemCategoryView.swift */ = {isa = PBXFileReference; lastKnownFileType = sourcecode.swift; path = ItemCategoryView.swift; sourceTree = "<group>"; };
		128EBE2A2C37CA29002F9C0D /* CategoryManager.swift */ = {isa = PBXFileReference; lastKnownFileType = sourcecode.swift; path = CategoryManager.swift; sourceTree = "<group>"; };
		1297914C2CD2585C00110B68 /* EditInterestsSkillsGoalsView.swift */ = {isa = PBXFileReference; lastKnownFileType = sourcecode.swift; path = EditInterestsSkillsGoalsView.swift; sourceTree = "<group>"; };
		129D6CBF2C40134C00F4582E /* NewMessageFormView.swift */ = {isa = PBXFileReference; lastKnownFileType = sourcecode.swift; path = NewMessageFormView.swift; sourceTree = "<group>"; };
		129D6CC12C43206D00F4582E /* SuccessfulSwapView.swift */ = {isa = PBXFileReference; lastKnownFileType = sourcecode.swift; path = SuccessfulSwapView.swift; sourceTree = "<group>"; };
		129D6CC32C43351D00F4582E /* EditItemView.swift */ = {isa = PBXFileReference; lastKnownFileType = sourcecode.swift; path = EditItemView.swift; sourceTree = "<group>"; };
		129D6CC52C448CFB00F4582E /* LocationManager.swift */ = {isa = PBXFileReference; lastKnownFileType = sourcecode.swift; path = LocationManager.swift; sourceTree = "<group>"; };
		129D6CC92C48183A00F4582E /* UserProfileView.swift */ = {isa = PBXFileReference; lastKnownFileType = sourcecode.swift; path = UserProfileView.swift; sourceTree = "<group>"; };
		129D6CCF2C48260600F4582E /* MotionManager.swift */ = {isa = PBXFileReference; lastKnownFileType = sourcecode.swift; path = MotionManager.swift; sourceTree = "<group>"; };
		129D6CD12C488D4400F4582E /* SubmitReviewView.swift */ = {isa = PBXFileReference; lastKnownFileType = sourcecode.swift; path = SubmitReviewView.swift; sourceTree = "<group>"; };
		129D6CD32C48978000F4582E /* StandardItemView.swift */ = {isa = PBXFileReference; lastKnownFileType = sourcecode.swift; path = StandardItemView.swift; sourceTree = "<group>"; };
		12A7A40C2C4F2AEC00F41BDD /* NotificationsScreen.swift */ = {isa = PBXFileReference; lastKnownFileType = sourcecode.swift; path = NotificationsScreen.swift; sourceTree = "<group>"; };
		12A7A40E2C4F2B0500F41BDD /* NotificationsManager.swift */ = {isa = PBXFileReference; lastKnownFileType = sourcecode.swift; path = NotificationsManager.swift; sourceTree = "<group>"; };
		12A84EAD2C93BF6F00799D56 /* KeyboardToolbar.swift */ = {isa = PBXFileReference; lastKnownFileType = sourcecode.swift; path = KeyboardToolbar.swift; sourceTree = "<group>"; };
		12AA76AF2C357596007B032E /* ScrambleEffect.swift */ = {isa = PBXFileReference; lastKnownFileType = sourcecode.swift; path = ScrambleEffect.swift; sourceTree = "<group>"; };
		12BD36842C40005600F6A09A /* NewMessageView.swift */ = {isa = PBXFileReference; lastKnownFileType = sourcecode.swift; path = NewMessageView.swift; sourceTree = "<group>"; };
		12BD36862C40035B00F6A09A /* MessageManager.swift */ = {isa = PBXFileReference; lastKnownFileType = sourcecode.swift; path = MessageManager.swift; sourceTree = "<group>"; };
		12C3B51D2C4B33490051F610 /* AddItemDetails.swift */ = {isa = PBXFileReference; lastKnownFileType = sourcecode.swift; path = AddItemDetails.swift; sourceTree = "<group>"; };
		12C3B51F2C4B39470051F610 /* AddItemViewModel.swift */ = {isa = PBXFileReference; lastKnownFileType = sourcecode.swift; path = AddItemViewModel.swift; sourceTree = "<group>"; };
		12DC5CF22CA51FEC00762F37 /* InterestsGoalsView.swift */ = {isa = PBXFileReference; lastKnownFileType = sourcecode.swift; path = InterestsGoalsView.swift; sourceTree = "<group>"; };
		12F65C582CA06B7D00B66356 /* GoogleService-Info.plist */ = {isa = PBXFileReference; fileEncoding = 4; lastKnownFileType = text.plist.xml; name = "GoogleService-Info.plist"; path = "../../GoogleService-Info.plist"; sourceTree = "<group>"; };
		12F65C5C2CA071DF00B66356 /* SignInWithPhoneNumber.swift */ = {isa = PBXFileReference; lastKnownFileType = sourcecode.swift; path = SignInWithPhoneNumber.swift; sourceTree = "<group>"; };
		12F65C5E2CA2156800B66356 /* GoogleSignInButton.swift */ = {isa = PBXFileReference; lastKnownFileType = sourcecode.swift; path = GoogleSignInButton.swift; sourceTree = "<group>"; };
		12FF7E222CC86FCB000AFB5B /* FetchAutoCompleteModel.swift */ = {isa = PBXFileReference; lastKnownFileType = sourcecode.swift; path = FetchAutoCompleteModel.swift; sourceTree = "<group>"; };
		12FF7E262CC88258000AFB5B /* Config.xcconfig */ = {isa = PBXFileReference; lastKnownFileType = text.xcconfig; path = Config.xcconfig; sourceTree = "<group>"; };
		12FF7E282CC898EF000AFB5B /* InterestsGoalsManager.swift */ = {isa = PBXFileReference; lastKnownFileType = sourcecode.swift; path = InterestsGoalsManager.swift; sourceTree = "<group>"; };
/* End PBXFileReference section */

/* Begin PBXFrameworksBuildPhase section */
		120958192C33ADF6001D7133 /* Frameworks */ = {
			isa = PBXFrameworksBuildPhase;
			buildActionMask = 2147483647;
			files = (
				123FFFD42C94D4D200C7507B /* FacebookLogin in Frameworks */,
				120958682C33B2BB001D7133 /* FirebaseDatabase in Frameworks */,
				123FFFD92C94E43100C7507B /* GoogleSignIn in Frameworks */,
				123FFFDB2C94E43100C7507B /* GoogleSignInSwift in Frameworks */,
				120958542C33AFF6001D7133 /* FirebaseAnalyticsSwift in Frameworks */,
				120958582C33AFF6001D7133 /* FirebaseFirestore in Frameworks */,
				120958562C33AFF6001D7133 /* FirebaseAuth in Frameworks */,
				12854DAA2C3C763A00C34C92 /* SDWebImageSwiftUI in Frameworks */,
				12F65C5B2CA0719C00B66356 /* FirebaseMessaging in Frameworks */,
				122F9BE82CBE2DA600E23385 /* GooglePlaces in Frameworks */,
				120958782C34247F001D7133 /* FirebaseStorage in Frameworks */,
				120958522C33AFF6001D7133 /* FirebaseAnalytics in Frameworks */,
				123FFFD22C94D4D200C7507B /* FacebookCore in Frameworks */,
				120958762C33BEB6001D7133 /* FirebaseFirestoreSwift in Frameworks */,
			);
			runOnlyForDeploymentPostprocessing = 0;
		};
		120958292C33ADF9001D7133 /* Frameworks */ = {
			isa = PBXFrameworksBuildPhase;
			buildActionMask = 2147483647;
			files = (
			);
			runOnlyForDeploymentPostprocessing = 0;
		};
		120958332C33ADF9001D7133 /* Frameworks */ = {
			isa = PBXFrameworksBuildPhase;
			buildActionMask = 2147483647;
			files = (
			);
			runOnlyForDeploymentPostprocessing = 0;
		};
/* End PBXFrameworksBuildPhase section */

/* Begin PBXGroup section */
		120958132C33ADF6001D7133 = {
			isa = PBXGroup;
			children = (
				1209581E2C33ADF6001D7133 /* Swapped */,
				1209582F2C33ADF9001D7133 /* SwappedTests */,
				120958392C33ADF9001D7133 /* SwappedUITests */,
				1209581D2C33ADF6001D7133 /* Products */,
				120958662C33B2BB001D7133 /* Frameworks */,
			);
			sourceTree = "<group>";
		};
		1209581D2C33ADF6001D7133 /* Products */ = {
			isa = PBXGroup;
			children = (
				1209581C2C33ADF6001D7133 /* Just Swap.app */,
				1209582C2C33ADF9001D7133 /* Just SwapTests.xctest */,
				120958362C33ADF9001D7133 /* Just SwapUITests.xctest */,
			);
			name = Products;
			sourceTree = "<group>";
		};
		1209581E2C33ADF6001D7133 /* Swapped */ = {
			isa = PBXGroup;
			children = (
				12FF7E262CC88258000AFB5B /* Config.xcconfig */,
				123FFFD62C94E13700C7507B /* Swapped.entitlements */,
				1209585D2C33B15E001D7133 /* Components */,
				120958592C33B096001D7133 /* Screens */,
				1209584D2C33AF4C001D7133 /* Authentication */,
				1209581F2C33ADF6001D7133 /* SwappedApp.swift */,
				12F65C582CA06B7D00B66356 /* GoogleService-Info.plist */,
				120958212C33ADF6001D7133 /* ContentView.swift */,
				120958232C33ADF8001D7133 /* Assets.xcassets */,
				120958252C33ADF8001D7133 /* Preview Content */,
				1209585E2C33B19B001D7133 /* MainView.swift */,
			);
			path = Swapped;
			sourceTree = "<group>";
		};
		120958252C33ADF8001D7133 /* Preview Content */ = {
			isa = PBXGroup;
			children = (
				120958262C33ADF8001D7133 /* Preview Assets.xcassets */,
			);
			path = "Preview Content";
			sourceTree = "<group>";
		};
		1209582F2C33ADF9001D7133 /* SwappedTests */ = {
			isa = PBXGroup;
			children = (
				120958302C33ADF9001D7133 /* SwappedTests.swift */,
			);
			path = SwappedTests;
			sourceTree = "<group>";
		};
		120958392C33ADF9001D7133 /* SwappedUITests */ = {
			isa = PBXGroup;
			children = (
				1209583A2C33ADF9001D7133 /* SwappedUITests.swift */,
				1209583C2C33ADF9001D7133 /* SwappedUITestsLaunchTests.swift */,
			);
			path = SwappedUITests;
			sourceTree = "<group>";
		};
		1209584D2C33AF4C001D7133 /* Authentication */ = {
			isa = PBXGroup;
			children = (
				1209585A2C33B0A0001D7133 /* SignIn */,
				1209584E2C33AF64001D7133 /* AuthManager.swift */,
			);
			path = Authentication;
			sourceTree = "<group>";
		};
		120958592C33B096001D7133 /* Screens */ = {
			isa = PBXGroup;
			children = (
				1297914C2CD2585C00110B68 /* EditInterestsSkillsGoalsView.swift */,
				120958602C33B1C9001D7133 /* HomeScreenView.swift */,
				120958622C33B226001D7133 /* AccountView.swift */,
				120958642C33B264001D7133 /* SwappedItemsView.swift */,
				120958692C33B2ED001D7133 /* SearchScreenView.swift */,
				1209586B2C33B3CF001D7133 /* SignInView.swift */,
				1209586D2C33B412001D7133 /* CreateProfileView.swift */,
				120958792C344B70001D7133 /* AddItem.swift */,
				1209587B2C34638E001D7133 /* ItemView.swift */,
				128EBE202C366C43002F9C0D /* SwapCartView.swift */,
				128EBE222C37255B002F9C0D /* SwappedView.swift */,
				128EBE242C373483002F9C0D /* CurrentUserItemsView.swift */,
				128EBE262C3734AB002F9C0D /* MessagingScreenView.swift */,
				128EBE282C37C7AD002F9C0D /* ItemCategoryView.swift */,
				1209B1322C3B3225006A7F79 /* BottomBarNavigator.swift */,
				12854DA62C3C754200C34C92 /* itemRowView.swift */,
				12BD36842C40005600F6A09A /* NewMessageView.swift */,
				129D6CBF2C40134C00F4582E /* NewMessageFormView.swift */,
				129D6CC12C43206D00F4582E /* SuccessfulSwapView.swift */,
				129D6CC32C43351D00F4582E /* EditItemView.swift */,
				129D6CC92C48183A00F4582E /* UserProfileView.swift */,
				129D6CD12C488D4400F4582E /* SubmitReviewView.swift */,
				129D6CD32C48978000F4582E /* StandardItemView.swift */,
				12C3B51D2C4B33490051F610 /* AddItemDetails.swift */,
				12A7A40C2C4F2AEC00F41BDD /* NotificationsScreen.swift */,
				12F65C5C2CA071DF00B66356 /* SignInWithPhoneNumber.swift */,
				12F65C5E2CA2156800B66356 /* GoogleSignInButton.swift */,
				12DC5CF22CA51FEC00762F37 /* InterestsGoalsView.swift */,
			);
			path = Screens;
			sourceTree = "<group>";
		};
		1209585A2C33B0A0001D7133 /* SignIn */ = {
			isa = PBXGroup;
			children = (
			);
			path = SignIn;
			sourceTree = "<group>";
		};
		1209585D2C33B15E001D7133 /* Components */ = {
			isa = PBXGroup;
			children = (
				12FF7E282CC898EF000AFB5B /* InterestsGoalsManager.swift */,
				12FF7E222CC86FCB000AFB5B /* FetchAutoCompleteModel.swift */,
				1209586F2C33B9DA001D7133 /* UserAccountModel.swift */,
				120958712C33BA14001D7133 /* ImagePicker.swift */,
				120958732C33BE2E001D7133 /* ItemManager.swift */,
				12AA76AF2C357596007B032E /* ScrambleEffect.swift */,
				128EBE1E2C366979002F9C0D /* SwapCart.swift */,
				128EBE2A2C37CA29002F9C0D /* CategoryManager.swift */,
				122519352C3F891C008DC9E7 /* SwapLettersEffect.swift */,
				122519372C3F8ACB008DC9E7 /* TossLettersEffect.swift */,
				12BD36862C40035B00F6A09A /* MessageManager.swift */,
				129D6CC52C448CFB00F4582E /* LocationManager.swift */,
				129D6CCF2C48260600F4582E /* MotionManager.swift */,
				12C3B51F2C4B39470051F610 /* AddItemViewModel.swift */,
				12A7A40E2C4F2B0500F41BDD /* NotificationsManager.swift */,
				12A84EAD2C93BF6F00799D56 /* KeyboardToolbar.swift */,
				1223D1BC2CBB5FFB00C72C18 /* NetworkMonitor.swift */,
			);
			path = Components;
			sourceTree = "<group>";
		};
		120958662C33B2BB001D7133 /* Frameworks */ = {
			isa = PBXGroup;
			children = (
			);
			name = Frameworks;
			sourceTree = "<group>";
		};
/* End PBXGroup section */

/* Begin PBXNativeTarget section */
		1209581B2C33ADF6001D7133 /* Just Swap */ = {
			isa = PBXNativeTarget;
			buildConfigurationList = 120958402C33ADF9001D7133 /* Build configuration list for PBXNativeTarget "Just Swap" */;
			buildPhases = (
				120958182C33ADF6001D7133 /* Sources */,
				120958192C33ADF6001D7133 /* Frameworks */,
				1209581A2C33ADF6001D7133 /* Resources */,
			);
			buildRules = (
			);
			dependencies = (
			);
			name = "Just Swap";
			packageProductDependencies = (
				120958512C33AFF6001D7133 /* FirebaseAnalytics */,
				120958532C33AFF6001D7133 /* FirebaseAnalyticsSwift */,
				120958552C33AFF6001D7133 /* FirebaseAuth */,
				120958572C33AFF6001D7133 /* FirebaseFirestore */,
				120958672C33B2BB001D7133 /* FirebaseDatabase */,
				120958752C33BEB6001D7133 /* FirebaseFirestoreSwift */,
				120958772C34247F001D7133 /* FirebaseStorage */,
				12854DA92C3C763A00C34C92 /* SDWebImageSwiftUI */,
				123FFFD12C94D4D200C7507B /* FacebookCore */,
				123FFFD32C94D4D200C7507B /* FacebookLogin */,
				123FFFD82C94E43100C7507B /* GoogleSignIn */,
				123FFFDA2C94E43100C7507B /* GoogleSignInSwift */,
				12F65C5A2CA0719C00B66356 /* FirebaseMessaging */,
				122F9BE72CBE2DA600E23385 /* GooglePlaces */,
			);
			productName = Swapped;
			productReference = 1209581C2C33ADF6001D7133 /* Just Swap.app */;
			productType = "com.apple.product-type.application";
		};
		1209582B2C33ADF9001D7133 /* Just SwapTests */ = {
			isa = PBXNativeTarget;
			buildConfigurationList = 120958432C33ADF9001D7133 /* Build configuration list for PBXNativeTarget "Just SwapTests" */;
			buildPhases = (
				120958282C33ADF9001D7133 /* Sources */,
				120958292C33ADF9001D7133 /* Frameworks */,
				1209582A2C33ADF9001D7133 /* Resources */,
			);
			buildRules = (
			);
			dependencies = (
				1209582E2C33ADF9001D7133 /* PBXTargetDependency */,
			);
			name = "Just SwapTests";
			productName = SwappedTests;
			productReference = 1209582C2C33ADF9001D7133 /* Just SwapTests.xctest */;
			productType = "com.apple.product-type.bundle.unit-test";
		};
		120958352C33ADF9001D7133 /* Just SwapUITests */ = {
			isa = PBXNativeTarget;
			buildConfigurationList = 120958462C33ADF9001D7133 /* Build configuration list for PBXNativeTarget "Just SwapUITests" */;
			buildPhases = (
				120958322C33ADF9001D7133 /* Sources */,
				120958332C33ADF9001D7133 /* Frameworks */,
				120958342C33ADF9001D7133 /* Resources */,
			);
			buildRules = (
			);
			dependencies = (
				120958382C33ADF9001D7133 /* PBXTargetDependency */,
			);
			name = "Just SwapUITests";
			productName = SwappedUITests;
			productReference = 120958362C33ADF9001D7133 /* Just SwapUITests.xctest */;
			productType = "com.apple.product-type.bundle.ui-testing";
		};
/* End PBXNativeTarget section */

/* Begin PBXProject section */
		120958142C33ADF6001D7133 /* Project object */ = {
			isa = PBXProject;
			attributes = {
				BuildIndependentTargetsInParallel = 1;
				LastSwiftUpdateCheck = 1540;
				LastUpgradeCheck = 1540;
				TargetAttributes = {
					1209581B2C33ADF6001D7133 = {
						CreatedOnToolsVersion = 15.4;
					};
					1209582B2C33ADF9001D7133 = {
						CreatedOnToolsVersion = 15.4;
						TestTargetID = 1209581B2C33ADF6001D7133;
					};
					120958352C33ADF9001D7133 = {
						CreatedOnToolsVersion = 15.4;
						TestTargetID = 1209581B2C33ADF6001D7133;
					};
				};
			};
			buildConfigurationList = 120958172C33ADF6001D7133 /* Build configuration list for PBXProject "Just Swap" */;
			compatibilityVersion = "Xcode 14.0";
			developmentRegion = en;
			hasScannedForEncodings = 0;
			knownRegions = (
				en,
				Base,
			);
			mainGroup = 120958132C33ADF6001D7133;
			packageReferences = (
				120958502C33AFF6001D7133 /* XCRemoteSwiftPackageReference "firebase-ios-sdk" */,
				12854DA82C3C763900C34C92 /* XCRemoteSwiftPackageReference "SDWebImageSwiftUI" */,
				123FFFD02C94D4D200C7507B /* XCRemoteSwiftPackageReference "facebook-ios-sdk" */,
				123FFFD72C94E43100C7507B /* XCRemoteSwiftPackageReference "GoogleSignIn-iOS" */,
				122F9BE62CBE2DA600E23385 /* XCRemoteSwiftPackageReference "ios-places-sdk" */,
			);
			productRefGroup = 1209581D2C33ADF6001D7133 /* Products */;
			projectDirPath = "";
			projectRoot = "";
			targets = (
				1209581B2C33ADF6001D7133 /* Just Swap */,
				1209582B2C33ADF9001D7133 /* Just SwapTests */,
				120958352C33ADF9001D7133 /* Just SwapUITests */,
			);
		};
/* End PBXProject section */

/* Begin PBXResourcesBuildPhase section */
		1209581A2C33ADF6001D7133 /* Resources */ = {
			isa = PBXResourcesBuildPhase;
			buildActionMask = 2147483647;
			files = (
				12FF7E272CC88266000AFB5B /* Config.xcconfig in Resources */,
				120BBE372CAE062100900B16 /* GoogleService-Info.plist in Resources */,
				120958272C33ADF8001D7133 /* Preview Assets.xcassets in Resources */,
				120958242C33ADF8001D7133 /* Assets.xcassets in Resources */,
			);
			runOnlyForDeploymentPostprocessing = 0;
		};
		1209582A2C33ADF9001D7133 /* Resources */ = {
			isa = PBXResourcesBuildPhase;
			buildActionMask = 2147483647;
			files = (
			);
			runOnlyForDeploymentPostprocessing = 0;
		};
		120958342C33ADF9001D7133 /* Resources */ = {
			isa = PBXResourcesBuildPhase;
			buildActionMask = 2147483647;
			files = (
			);
			runOnlyForDeploymentPostprocessing = 0;
		};
/* End PBXResourcesBuildPhase section */

/* Begin PBXSourcesBuildPhase section */
		120958182C33ADF6001D7133 /* Sources */ = {
			isa = PBXSourcesBuildPhase;
			buildActionMask = 2147483647;
			files = (
				12A7A40D2C4F2AEC00F41BDD /* NotificationsScreen.swift in Sources */,
				120958722C33BA14001D7133 /* ImagePicker.swift in Sources */,
				128EBE292C37C7AE002F9C0D /* ItemCategoryView.swift in Sources */,
				12A7A40F2C4F2B0500F41BDD /* NotificationsManager.swift in Sources */,
				1209586A2C33B2ED001D7133 /* SearchScreenView.swift in Sources */,
				1209587C2C34638E001D7133 /* ItemView.swift in Sources */,
				122519362C3F891C008DC9E7 /* SwapLettersEffect.swift in Sources */,
				1297914D2CD2585C00110B68 /* EditInterestsSkillsGoalsView.swift in Sources */,
				12BD36872C40035B00F6A09A /* MessageManager.swift in Sources */,
				120958222C33ADF6001D7133 /* ContentView.swift in Sources */,
				129D6CCA2C48183A00F4582E /* UserProfileView.swift in Sources */,
				12F65C5D2CA071DF00B66356 /* SignInWithPhoneNumber.swift in Sources */,
				1209584F2C33AF64001D7133 /* AuthManager.swift in Sources */,
				129D6CD22C488D4400F4582E /* SubmitReviewView.swift in Sources */,
				12BD36852C40005600F6A09A /* NewMessageView.swift in Sources */,
				129D6CC22C43206D00F4582E /* SuccessfulSwapView.swift in Sources */,
				12C3B51E2C4B33490051F610 /* AddItemDetails.swift in Sources */,
				12DC5CF32CA51FEC00762F37 /* InterestsGoalsView.swift in Sources */,
				1209586C2C33B3CF001D7133 /* SignInView.swift in Sources */,
				129D6CD42C48978000F4582E /* StandardItemView.swift in Sources */,
				12854DA72C3C754200C34C92 /* itemRowView.swift in Sources */,
				12FF7E292CC898F7000AFB5B /* InterestsGoalsManager.swift in Sources */,
				1209586E2C33B412001D7133 /* CreateProfileView.swift in Sources */,
				128EBE232C37255C002F9C0D /* SwappedView.swift in Sources */,
				1223D1BD2CBB5FFB00C72C18 /* NetworkMonitor.swift in Sources */,
				120958702C33B9DA001D7133 /* UserAccountModel.swift in Sources */,
				129D6CC62C448CFB00F4582E /* LocationManager.swift in Sources */,
				128EBE272C3734AB002F9C0D /* MessagingScreenView.swift in Sources */,
				12F65C5F2CA2156800B66356 /* GoogleSignInButton.swift in Sources */,
				129D6CC02C40134C00F4582E /* NewMessageFormView.swift in Sources */,
				128EBE252C373483002F9C0D /* CurrentUserItemsView.swift in Sources */,
				120958652C33B264001D7133 /* SwappedItemsView.swift in Sources */,
				128EBE2B2C37CA29002F9C0D /* CategoryManager.swift in Sources */,
				1209B1332C3B3225006A7F79 /* BottomBarNavigator.swift in Sources */,
				129D6CC42C43351D00F4582E /* EditItemView.swift in Sources */,
				12A84EAE2C93BF7000799D56 /* KeyboardToolbar.swift in Sources */,
				120958612C33B1C9001D7133 /* HomeScreenView.swift in Sources */,
				120958632C33B226001D7133 /* AccountView.swift in Sources */,
				12C3B5202C4B39470051F610 /* AddItemViewModel.swift in Sources */,
				128EBE212C366C43002F9C0D /* SwapCartView.swift in Sources */,
				129D6CD02C48260600F4582E /* MotionManager.swift in Sources */,
				122519382C3F8ACB008DC9E7 /* TossLettersEffect.swift in Sources */,
				12FF7E232CC86FD4000AFB5B /* FetchAutoCompleteModel.swift in Sources */,
				12AA76B02C357596007B032E /* ScrambleEffect.swift in Sources */,
				1209585F2C33B19B001D7133 /* MainView.swift in Sources */,
				120958742C33BE2E001D7133 /* ItemManager.swift in Sources */,
				128EBE1F2C366979002F9C0D /* SwapCart.swift in Sources */,
				120958202C33ADF6001D7133 /* SwappedApp.swift in Sources */,
				1209587A2C344B70001D7133 /* AddItem.swift in Sources */,
			);
			runOnlyForDeploymentPostprocessing = 0;
		};
		120958282C33ADF9001D7133 /* Sources */ = {
			isa = PBXSourcesBuildPhase;
			buildActionMask = 2147483647;
			files = (
				120958312C33ADF9001D7133 /* SwappedTests.swift in Sources */,
			);
			runOnlyForDeploymentPostprocessing = 0;
		};
		120958322C33ADF9001D7133 /* Sources */ = {
			isa = PBXSourcesBuildPhase;
			buildActionMask = 2147483647;
			files = (
				1209583B2C33ADF9001D7133 /* SwappedUITests.swift in Sources */,
				1209583D2C33ADF9001D7133 /* SwappedUITestsLaunchTests.swift in Sources */,
			);
			runOnlyForDeploymentPostprocessing = 0;
		};
/* End PBXSourcesBuildPhase section */

/* Begin PBXTargetDependency section */
		1209582E2C33ADF9001D7133 /* PBXTargetDependency */ = {
			isa = PBXTargetDependency;
			target = 1209581B2C33ADF6001D7133 /* Just Swap */;
			targetProxy = 1209582D2C33ADF9001D7133 /* PBXContainerItemProxy */;
		};
		120958382C33ADF9001D7133 /* PBXTargetDependency */ = {
			isa = PBXTargetDependency;
			target = 1209581B2C33ADF6001D7133 /* Just Swap */;
			targetProxy = 120958372C33ADF9001D7133 /* PBXContainerItemProxy */;
		};
/* End PBXTargetDependency section */

/* Begin XCBuildConfiguration section */
		1209583E2C33ADF9001D7133 /* Debug */ = {
			isa = XCBuildConfiguration;
			buildSettings = {
				ALWAYS_SEARCH_USER_PATHS = NO;
				ASSETCATALOG_COMPILER_GENERATE_SWIFT_ASSET_SYMBOL_EXTENSIONS = YES;
				CLANG_ANALYZER_NONNULL = YES;
				CLANG_ANALYZER_NUMBER_OBJECT_CONVERSION = YES_AGGRESSIVE;
				CLANG_CXX_LANGUAGE_STANDARD = "gnu++20";
				CLANG_ENABLE_MODULES = YES;
				CLANG_ENABLE_OBJC_ARC = YES;
				CLANG_ENABLE_OBJC_WEAK = YES;
				CLANG_WARN_BLOCK_CAPTURE_AUTORELEASING = YES;
				CLANG_WARN_BOOL_CONVERSION = YES;
				CLANG_WARN_COMMA = YES;
				CLANG_WARN_CONSTANT_CONVERSION = YES;
				CLANG_WARN_DEPRECATED_OBJC_IMPLEMENTATIONS = YES;
				CLANG_WARN_DIRECT_OBJC_ISA_USAGE = YES_ERROR;
				CLANG_WARN_DOCUMENTATION_COMMENTS = YES;
				CLANG_WARN_EMPTY_BODY = YES;
				CLANG_WARN_ENUM_CONVERSION = YES;
				CLANG_WARN_INFINITE_RECURSION = YES;
				CLANG_WARN_INT_CONVERSION = YES;
				CLANG_WARN_NON_LITERAL_NULL_CONVERSION = YES;
				CLANG_WARN_OBJC_IMPLICIT_RETAIN_SELF = YES;
				CLANG_WARN_OBJC_LITERAL_CONVERSION = YES;
				CLANG_WARN_OBJC_ROOT_CLASS = YES_ERROR;
				CLANG_WARN_QUOTED_INCLUDE_IN_FRAMEWORK_HEADER = YES;
				CLANG_WARN_RANGE_LOOP_ANALYSIS = YES;
				CLANG_WARN_STRICT_PROTOTYPES = YES;
				CLANG_WARN_SUSPICIOUS_MOVE = YES;
				CLANG_WARN_UNGUARDED_AVAILABILITY = YES_AGGRESSIVE;
				CLANG_WARN_UNREACHABLE_CODE = YES;
				CLANG_WARN__DUPLICATE_METHOD_MATCH = YES;
				COPY_PHASE_STRIP = NO;
				DEBUG_INFORMATION_FORMAT = dwarf;
				ENABLE_STRICT_OBJC_MSGSEND = YES;
				ENABLE_TESTABILITY = YES;
				ENABLE_USER_SCRIPT_SANDBOXING = YES;
				GCC_C_LANGUAGE_STANDARD = gnu17;
				GCC_DYNAMIC_NO_PIC = NO;
				GCC_NO_COMMON_BLOCKS = YES;
				GCC_OPTIMIZATION_LEVEL = 0;
				GCC_PREPROCESSOR_DEFINITIONS = (
					"DEBUG=1",
					"$(inherited)",
				);
				GCC_WARN_64_TO_32_BIT_CONVERSION = YES;
				GCC_WARN_ABOUT_RETURN_TYPE = YES_ERROR;
				GCC_WARN_UNDECLARED_SELECTOR = YES;
				GCC_WARN_UNINITIALIZED_AUTOS = YES_AGGRESSIVE;
				GCC_WARN_UNUSED_FUNCTION = YES;
				GCC_WARN_UNUSED_VARIABLE = YES;
				IPHONEOS_DEPLOYMENT_TARGET = 17.5;
				LOCALIZATION_PREFERS_STRING_CATALOGS = YES;
				MTL_ENABLE_DEBUG_INFO = INCLUDE_SOURCE;
				MTL_FAST_MATH = YES;
				ONLY_ACTIVE_ARCH = YES;
				SDKROOT = iphoneos;
				SWIFT_ACTIVE_COMPILATION_CONDITIONS = "DEBUG $(inherited)";
				SWIFT_OPTIMIZATION_LEVEL = "-Onone";
			};
			name = Debug;
		};
		1209583F2C33ADF9001D7133 /* Release */ = {
			isa = XCBuildConfiguration;
			buildSettings = {
				ALWAYS_SEARCH_USER_PATHS = NO;
				ASSETCATALOG_COMPILER_GENERATE_SWIFT_ASSET_SYMBOL_EXTENSIONS = YES;
				CLANG_ANALYZER_NONNULL = YES;
				CLANG_ANALYZER_NUMBER_OBJECT_CONVERSION = YES_AGGRESSIVE;
				CLANG_CXX_LANGUAGE_STANDARD = "gnu++20";
				CLANG_ENABLE_MODULES = YES;
				CLANG_ENABLE_OBJC_ARC = YES;
				CLANG_ENABLE_OBJC_WEAK = YES;
				CLANG_WARN_BLOCK_CAPTURE_AUTORELEASING = YES;
				CLANG_WARN_BOOL_CONVERSION = YES;
				CLANG_WARN_COMMA = YES;
				CLANG_WARN_CONSTANT_CONVERSION = YES;
				CLANG_WARN_DEPRECATED_OBJC_IMPLEMENTATIONS = YES;
				CLANG_WARN_DIRECT_OBJC_ISA_USAGE = YES_ERROR;
				CLANG_WARN_DOCUMENTATION_COMMENTS = YES;
				CLANG_WARN_EMPTY_BODY = YES;
				CLANG_WARN_ENUM_CONVERSION = YES;
				CLANG_WARN_INFINITE_RECURSION = YES;
				CLANG_WARN_INT_CONVERSION = YES;
				CLANG_WARN_NON_LITERAL_NULL_CONVERSION = YES;
				CLANG_WARN_OBJC_IMPLICIT_RETAIN_SELF = YES;
				CLANG_WARN_OBJC_LITERAL_CONVERSION = YES;
				CLANG_WARN_OBJC_ROOT_CLASS = YES_ERROR;
				CLANG_WARN_QUOTED_INCLUDE_IN_FRAMEWORK_HEADER = YES;
				CLANG_WARN_RANGE_LOOP_ANALYSIS = YES;
				CLANG_WARN_STRICT_PROTOTYPES = YES;
				CLANG_WARN_SUSPICIOUS_MOVE = YES;
				CLANG_WARN_UNGUARDED_AVAILABILITY = YES_AGGRESSIVE;
				CLANG_WARN_UNREACHABLE_CODE = YES;
				CLANG_WARN__DUPLICATE_METHOD_MATCH = YES;
				COPY_PHASE_STRIP = NO;
				DEBUG_INFORMATION_FORMAT = "dwarf-with-dsym";
				ENABLE_NS_ASSERTIONS = NO;
				ENABLE_STRICT_OBJC_MSGSEND = YES;
				ENABLE_USER_SCRIPT_SANDBOXING = YES;
				GCC_C_LANGUAGE_STANDARD = gnu17;
				GCC_NO_COMMON_BLOCKS = YES;
				GCC_WARN_64_TO_32_BIT_CONVERSION = YES;
				GCC_WARN_ABOUT_RETURN_TYPE = YES_ERROR;
				GCC_WARN_UNDECLARED_SELECTOR = YES;
				GCC_WARN_UNINITIALIZED_AUTOS = YES_AGGRESSIVE;
				GCC_WARN_UNUSED_FUNCTION = YES;
				GCC_WARN_UNUSED_VARIABLE = YES;
				IPHONEOS_DEPLOYMENT_TARGET = 17.5;
				LOCALIZATION_PREFERS_STRING_CATALOGS = YES;
				MTL_ENABLE_DEBUG_INFO = NO;
				MTL_FAST_MATH = YES;
				SDKROOT = iphoneos;
				SWIFT_COMPILATION_MODE = wholemodule;
				VALIDATE_PRODUCT = YES;
			};
			name = Release;
		};
		120958412C33ADF9001D7133 /* Debug */ = {
			isa = XCBuildConfiguration;
			buildSettings = {
				ASSETCATALOG_COMPILER_APPICON_NAME = AppIcon;
				ASSETCATALOG_COMPILER_GLOBAL_ACCENT_COLOR_NAME = AccentColor;
				CODE_SIGN_ENTITLEMENTS = Swapped/Swapped.entitlements;
				CODE_SIGN_STYLE = Automatic;
				CURRENT_PROJECT_VERSION = 1;
				DEVELOPMENT_ASSET_PATHS = "\"Swapped/Preview Content\"";
				DEVELOPMENT_TEAM = 4AMJ6BWBRV;
				ENABLE_PREVIEWS = YES;
				GENERATE_INFOPLIST_FILE = YES;
				INFOPLIST_FILE = "/Users/dholmes/Documents/SwapStyle/GoogleService-Info.plist";
				INFOPLIST_KEY_NSAppleMusicUsageDescription = "This app uses Sign in with Apple for authentication.";
				INFOPLIST_KEY_NSCameraUsageDescription = "We need your permission to use the camera";
				INFOPLIST_KEY_NSFaceIDUsageDescription = "We use Face ID to ensure secure sign-in to your account.";
				INFOPLIST_KEY_NSLocationWhenInUseUsageDescription = "We need your location to provide better service.";
				INFOPLIST_KEY_NSMotionUsageDescription = "We use motion data to enhance the user experience by providing interactive and dynamic content.";
				INFOPLIST_KEY_NSPhotoLibraryAddUsageDescription = "We need your permission to add photos to the library";
				INFOPLIST_KEY_NSPhotoLibraryUsageDescription = "We need your permission to access the photo library";
				INFOPLIST_KEY_UIApplicationSceneManifest_Generation = YES;
				INFOPLIST_KEY_UIApplicationSupportsIndirectInputEvents = YES;
				INFOPLIST_KEY_UILaunchScreen_Generation = YES;
				INFOPLIST_KEY_UISupportedInterfaceOrientations_iPad = "UIInterfaceOrientationPortrait UIInterfaceOrientationPortraitUpsideDown UIInterfaceOrientationLandscapeLeft UIInterfaceOrientationLandscapeRight";
				INFOPLIST_KEY_UISupportedInterfaceOrientations_iPhone = "UIInterfaceOrientationPortrait UIInterfaceOrientationLandscapeLeft UIInterfaceOrientationLandscapeRight";
				LD_RUNPATH_SEARCH_PATHS = (
					"$(inherited)",
					"@executable_path/Frameworks",
				);
				MARKETING_VERSION = 1.0;
				PRODUCT_BUNDLE_IDENTIFIER = "blackinnovators.Just-Swap";
				PRODUCT_NAME = "$(TARGET_NAME)";
				SWIFT_EMIT_LOC_STRINGS = YES;
				SWIFT_VERSION = 5.0;
				TARGETED_DEVICE_FAMILY = "1,2";
			};
			name = Debug;
		};
		120958422C33ADF9001D7133 /* Release */ = {
			isa = XCBuildConfiguration;
			buildSettings = {
				ASSETCATALOG_COMPILER_APPICON_NAME = AppIcon;
				ASSETCATALOG_COMPILER_GLOBAL_ACCENT_COLOR_NAME = AccentColor;
				CODE_SIGN_ENTITLEMENTS = Swapped/Swapped.entitlements;
				CODE_SIGN_STYLE = Automatic;
				CURRENT_PROJECT_VERSION = 1;
				DEVELOPMENT_ASSET_PATHS = "\"Swapped/Preview Content\"";
				DEVELOPMENT_TEAM = 4AMJ6BWBRV;
				ENABLE_PREVIEWS = YES;
				GENERATE_INFOPLIST_FILE = YES;
				INFOPLIST_FILE = "/Users/dholmes/Documents/SwapStyle/GoogleService-Info.plist";
				INFOPLIST_KEY_NSAppleMusicUsageDescription = "This app uses Sign in with Apple for authentication.";
				INFOPLIST_KEY_NSCameraUsageDescription = "We need your permission to use the camera";
				INFOPLIST_KEY_NSFaceIDUsageDescription = "We use Face ID to ensure secure sign-in to your account.";
				INFOPLIST_KEY_NSLocationWhenInUseUsageDescription = "We need your location to provide better service.";
				INFOPLIST_KEY_NSMotionUsageDescription = "We use motion data to enhance the user experience by providing interactive and dynamic content.";
				INFOPLIST_KEY_NSPhotoLibraryAddUsageDescription = "We need your permission to add photos to the library";
				INFOPLIST_KEY_NSPhotoLibraryUsageDescription = "We need your permission to access the photo library";
				INFOPLIST_KEY_UIApplicationSceneManifest_Generation = YES;
				INFOPLIST_KEY_UIApplicationSupportsIndirectInputEvents = YES;
				INFOPLIST_KEY_UILaunchScreen_Generation = YES;
				INFOPLIST_KEY_UISupportedInterfaceOrientations_iPad = "UIInterfaceOrientationPortrait UIInterfaceOrientationPortraitUpsideDown UIInterfaceOrientationLandscapeLeft UIInterfaceOrientationLandscapeRight";
				INFOPLIST_KEY_UISupportedInterfaceOrientations_iPhone = "UIInterfaceOrientationPortrait UIInterfaceOrientationLandscapeLeft UIInterfaceOrientationLandscapeRight";
				LD_RUNPATH_SEARCH_PATHS = (
					"$(inherited)",
					"@executable_path/Frameworks",
				);
				MARKETING_VERSION = 1.0;
				PRODUCT_BUNDLE_IDENTIFIER = "blackinnovators.Just-Swap";
				PRODUCT_NAME = "$(TARGET_NAME)";
				SWIFT_EMIT_LOC_STRINGS = YES;
				SWIFT_VERSION = 5.0;
				TARGETED_DEVICE_FAMILY = "1,2";
			};
			name = Release;
		};
		120958442C33ADF9001D7133 /* Debug */ = {
			isa = XCBuildConfiguration;
			buildSettings = {
				ALWAYS_EMBED_SWIFT_STANDARD_LIBRARIES = YES;
				BUNDLE_LOADER = "$(TEST_HOST)";
				CODE_SIGN_STYLE = Automatic;
				CURRENT_PROJECT_VERSION = 1;
				DEVELOPMENT_TEAM = 4AMJ6BWBRV;
				GENERATE_INFOPLIST_FILE = YES;
				IPHONEOS_DEPLOYMENT_TARGET = 17.5;
				MARKETING_VERSION = 1.0;
				PRODUCT_BUNDLE_IDENTIFIER = blackinnovators.SwappedTests;
				PRODUCT_NAME = "$(TARGET_NAME)";
				SWIFT_EMIT_LOC_STRINGS = NO;
				SWIFT_VERSION = 5.0;
				TARGETED_DEVICE_FAMILY = "1,2";
				TEST_HOST = "$(BUILT_PRODUCTS_DIR)/Just Swap.app/$(BUNDLE_EXECUTABLE_FOLDER_PATH)/Just Swap";
			};
			name = Debug;
		};
		120958452C33ADF9001D7133 /* Release */ = {
			isa = XCBuildConfiguration;
			buildSettings = {
				ALWAYS_EMBED_SWIFT_STANDARD_LIBRARIES = YES;
				BUNDLE_LOADER = "$(TEST_HOST)";
				CODE_SIGN_STYLE = Automatic;
				CURRENT_PROJECT_VERSION = 1;
				DEVELOPMENT_TEAM = 4AMJ6BWBRV;
				GENERATE_INFOPLIST_FILE = YES;
				IPHONEOS_DEPLOYMENT_TARGET = 17.5;
				MARKETING_VERSION = 1.0;
				PRODUCT_BUNDLE_IDENTIFIER = blackinnovators.SwappedTests;
				PRODUCT_NAME = "$(TARGET_NAME)";
				SWIFT_EMIT_LOC_STRINGS = NO;
				SWIFT_VERSION = 5.0;
				TARGETED_DEVICE_FAMILY = "1,2";
				TEST_HOST = "$(BUILT_PRODUCTS_DIR)/Just Swap.app/$(BUNDLE_EXECUTABLE_FOLDER_PATH)/Just Swap";
			};
			name = Release;
		};
		120958472C33ADF9001D7133 /* Debug */ = {
			isa = XCBuildConfiguration;
			buildSettings = {
				ALWAYS_EMBED_SWIFT_STANDARD_LIBRARIES = YES;
				CODE_SIGN_STYLE = Automatic;
				CURRENT_PROJECT_VERSION = 1;
				DEVELOPMENT_TEAM = 4AMJ6BWBRV;
				GENERATE_INFOPLIST_FILE = YES;
				MARKETING_VERSION = 1.0;
				PRODUCT_BUNDLE_IDENTIFIER = blackinnovators.SwappedUITests;
				PRODUCT_NAME = "$(TARGET_NAME)";
				SWIFT_EMIT_LOC_STRINGS = NO;
				SWIFT_VERSION = 5.0;
				TARGETED_DEVICE_FAMILY = "1,2";
				TEST_TARGET_NAME = Swapped;
			};
			name = Debug;
		};
		120958482C33ADF9001D7133 /* Release */ = {
			isa = XCBuildConfiguration;
			buildSettings = {
				ALWAYS_EMBED_SWIFT_STANDARD_LIBRARIES = YES;
				CODE_SIGN_STYLE = Automatic;
				CURRENT_PROJECT_VERSION = 1;
				DEVELOPMENT_TEAM = 4AMJ6BWBRV;
				GENERATE_INFOPLIST_FILE = YES;
				MARKETING_VERSION = 1.0;
				PRODUCT_BUNDLE_IDENTIFIER = blackinnovators.SwappedUITests;
				PRODUCT_NAME = "$(TARGET_NAME)";
				SWIFT_EMIT_LOC_STRINGS = NO;
				SWIFT_VERSION = 5.0;
				TARGETED_DEVICE_FAMILY = "1,2";
				TEST_TARGET_NAME = Swapped;
			};
			name = Release;
		};
/* End XCBuildConfiguration section */

/* Begin XCConfigurationList section */
		120958172C33ADF6001D7133 /* Build configuration list for PBXProject "Just Swap" */ = {
			isa = XCConfigurationList;
			buildConfigurations = (
				1209583E2C33ADF9001D7133 /* Debug */,
				1209583F2C33ADF9001D7133 /* Release */,
			);
			defaultConfigurationIsVisible = 0;
			defaultConfigurationName = Release;
		};
		120958402C33ADF9001D7133 /* Build configuration list for PBXNativeTarget "Just Swap" */ = {
			isa = XCConfigurationList;
			buildConfigurations = (
				120958412C33ADF9001D7133 /* Debug */,
				120958422C33ADF9001D7133 /* Release */,
			);
			defaultConfigurationIsVisible = 0;
			defaultConfigurationName = Release;
		};
		120958432C33ADF9001D7133 /* Build configuration list for PBXNativeTarget "Just SwapTests" */ = {
			isa = XCConfigurationList;
			buildConfigurations = (
				120958442C33ADF9001D7133 /* Debug */,
				120958452C33ADF9001D7133 /* Release */,
			);
			defaultConfigurationIsVisible = 0;
			defaultConfigurationName = Release;
		};
		120958462C33ADF9001D7133 /* Build configuration list for PBXNativeTarget "Just SwapUITests" */ = {
			isa = XCConfigurationList;
			buildConfigurations = (
				120958472C33ADF9001D7133 /* Debug */,
				120958482C33ADF9001D7133 /* Release */,
			);
			defaultConfigurationIsVisible = 0;
			defaultConfigurationName = Release;
		};
/* End XCConfigurationList section */

/* Begin XCRemoteSwiftPackageReference section */
		120958502C33AFF6001D7133 /* XCRemoteSwiftPackageReference "firebase-ios-sdk" */ = {
			isa = XCRemoteSwiftPackageReference;
			repositoryURL = "https://github.com/firebase/firebase-ios-sdk.git";
			requirement = {
				kind = upToNextMajorVersion;
				minimumVersion = 10.28.1;
			};
		};
		122F9BE62CBE2DA600E23385 /* XCRemoteSwiftPackageReference "ios-places-sdk" */ = {
			isa = XCRemoteSwiftPackageReference;
			repositoryURL = "https://github.com/googlemaps/ios-places-sdk";
			requirement = {
				kind = upToNextMajorVersion;
				minimumVersion = 9.1.0;
			};
		};
		123FFFD02C94D4D200C7507B /* XCRemoteSwiftPackageReference "facebook-ios-sdk" */ = {
			isa = XCRemoteSwiftPackageReference;
			repositoryURL = "https://github.com/facebook/facebook-ios-sdk";
			requirement = {
				kind = upToNextMajorVersion;
				minimumVersion = 14.1.0;
			};
		};
		123FFFD72C94E43100C7507B /* XCRemoteSwiftPackageReference "GoogleSignIn-iOS" */ = {
			isa = XCRemoteSwiftPackageReference;
			repositoryURL = "https://github.com/google/GoogleSignIn-iOS";
			requirement = {
				kind = versionRange;
				maximumVersion = 9.0.0;
				minimumVersion = 7.0.0;
			};
		};
		12854DA82C3C763900C34C92 /* XCRemoteSwiftPackageReference "SDWebImageSwiftUI" */ = {
			isa = XCRemoteSwiftPackageReference;
			repositoryURL = "https://github.com/SDWebImage/SDWebImageSwiftUI.git";
			requirement = {
				kind = upToNextMajorVersion;
				minimumVersion = 3.1.1;
			};
		};
/* End XCRemoteSwiftPackageReference section */

/* Begin XCSwiftPackageProductDependency section */
		120958512C33AFF6001D7133 /* FirebaseAnalytics */ = {
			isa = XCSwiftPackageProductDependency;
			package = 120958502C33AFF6001D7133 /* XCRemoteSwiftPackageReference "firebase-ios-sdk" */;
			productName = FirebaseAnalytics;
		};
		120958532C33AFF6001D7133 /* FirebaseAnalyticsSwift */ = {
			isa = XCSwiftPackageProductDependency;
			package = 120958502C33AFF6001D7133 /* XCRemoteSwiftPackageReference "firebase-ios-sdk" */;
			productName = FirebaseAnalyticsSwift;
		};
		120958552C33AFF6001D7133 /* FirebaseAuth */ = {
			isa = XCSwiftPackageProductDependency;
			package = 120958502C33AFF6001D7133 /* XCRemoteSwiftPackageReference "firebase-ios-sdk" */;
			productName = FirebaseAuth;
		};
		120958572C33AFF6001D7133 /* FirebaseFirestore */ = {
			isa = XCSwiftPackageProductDependency;
			package = 120958502C33AFF6001D7133 /* XCRemoteSwiftPackageReference "firebase-ios-sdk" */;
			productName = FirebaseFirestore;
		};
		120958672C33B2BB001D7133 /* FirebaseDatabase */ = {
			isa = XCSwiftPackageProductDependency;
			package = 120958502C33AFF6001D7133 /* XCRemoteSwiftPackageReference "firebase-ios-sdk" */;
			productName = FirebaseDatabase;
		};
		120958752C33BEB6001D7133 /* FirebaseFirestoreSwift */ = {
			isa = XCSwiftPackageProductDependency;
			package = 120958502C33AFF6001D7133 /* XCRemoteSwiftPackageReference "firebase-ios-sdk" */;
			productName = FirebaseFirestoreSwift;
		};
		120958772C34247F001D7133 /* FirebaseStorage */ = {
			isa = XCSwiftPackageProductDependency;
			package = 120958502C33AFF6001D7133 /* XCRemoteSwiftPackageReference "firebase-ios-sdk" */;
			productName = FirebaseStorage;
		};
		122F9BE72CBE2DA600E23385 /* GooglePlaces */ = {
			isa = XCSwiftPackageProductDependency;
			package = 122F9BE62CBE2DA600E23385 /* XCRemoteSwiftPackageReference "ios-places-sdk" */;
			productName = GooglePlaces;
		};
		123FFFD12C94D4D200C7507B /* FacebookCore */ = {
			isa = XCSwiftPackageProductDependency;
			package = 123FFFD02C94D4D200C7507B /* XCRemoteSwiftPackageReference "facebook-ios-sdk" */;
			productName = FacebookCore;
		};
		123FFFD32C94D4D200C7507B /* FacebookLogin */ = {
			isa = XCSwiftPackageProductDependency;
			package = 123FFFD02C94D4D200C7507B /* XCRemoteSwiftPackageReference "facebook-ios-sdk" */;
			productName = FacebookLogin;
		};
		123FFFD82C94E43100C7507B /* GoogleSignIn */ = {
			isa = XCSwiftPackageProductDependency;
			package = 123FFFD72C94E43100C7507B /* XCRemoteSwiftPackageReference "GoogleSignIn-iOS" */;
			productName = GoogleSignIn;
		};
		123FFFDA2C94E43100C7507B /* GoogleSignInSwift */ = {
			isa = XCSwiftPackageProductDependency;
			package = 123FFFD72C94E43100C7507B /* XCRemoteSwiftPackageReference "GoogleSignIn-iOS" */;
			productName = GoogleSignInSwift;
		};
		12854DA92C3C763A00C34C92 /* SDWebImageSwiftUI */ = {
			isa = XCSwiftPackageProductDependency;
			package = 12854DA82C3C763900C34C92 /* XCRemoteSwiftPackageReference "SDWebImageSwiftUI" */;
			productName = SDWebImageSwiftUI;
		};
		12F65C5A2CA0719C00B66356 /* FirebaseMessaging */ = {
			isa = XCSwiftPackageProductDependency;
			package = 120958502C33AFF6001D7133 /* XCRemoteSwiftPackageReference "firebase-ios-sdk" */;
			productName = FirebaseMessaging;
		};
/* End XCSwiftPackageProductDependency section */
	};
	rootObject = 120958142C33ADF6001D7133 /* Project object */;
}
